
Microsoft Visual Studio Solution File, Format Version 12.00
# Visual Studio Version 17
VisualStudioVersion = 17.5.33414.496
MinimumVisualStudioVersion = 10.0.40219.1
Project("{9A19103F-16F7-4668-BE54-9A1E7A4F7556}") = "ClientApp", "ChatRoom\ClientApp.csproj", "{05E3265C-984A-484E-8401-F8353AE37613}"
EndProject
Project("{9A19103F-16F7-4668-BE54-9A1E7A4F7556}") = "ServerApp", "ServerApp\ServerApp.csproj", "{BA325DC3-28DA-4863-8F8F-15692295802B}"
EndProject
Global
	GlobalSection(SolutionConfigurationPlatforms) = preSolution
		Debug|Any CPU = Debug|Any CPU
		Release|Any CPU = Release|Any CPU
	EndGlobalSection
	GlobalSection(ProjectConfigurationPlatforms) = postSolution
		{05E3265C-984A-484E-8401-F8353AE37613}.Debug|Any CPU.ActiveCfg = Debug|Any CPU
		{05E3265C-984A-484E-8401-F8353AE37613}.Debug|Any CPU.Build.0 = Debug|Any CPU
		{05E3265C-984A-484E-8401-F8353AE37613}.Release|Any CPU.ActiveCfg = Release|Any CPU
		{05E3265C-984A-484E-8401-F8353AE37613}.Release|Any CPU.Build.0 = Release|Any CPU
		{BA325DC3-28DA-4863-8F8F-15692295802B}.Debug|Any CPU.ActiveCfg = Debug|Any CPU
		{BA325DC3-28DA-4863-8F8F-15692295802B}.Debug|Any CPU.Build.0 = Debug|Any CPU
		{BA325DC3-28DA-4863-8F8F-15692295802B}.Release|Any CPU.ActiveCfg = Release|Any CPU
		{BA325DC3-28DA-4863-8F8F-15692295802B}.Release|Any CPU.Build.0 = Release|Any CPU
	EndGlobalSection
	GlobalSection(SolutionProperties) = preSolution
		HideSolutionNode = FALSE
	EndGlobalSection
	GlobalSection(ExtensibilityGlobals) = postSolution
		SolutionGuid = {B4A36FB6-B45C-43FD-B31F-1271D7569E6B}
	EndGlobalSection
EndGlobal
